
Microsoft Visual Studio Solution File, Format Version 12.00
# Visual Studio Version 17
VisualStudioVersion = 17.9.34728.123
MinimumVisualStudioVersion = 10.0.40219.1
Project("{9A19103F-16F7-4668-BE54-9A1E7A4F7556}") = "TruequeTools", "TruequeTools.csproj", "{38A12185-BB2D-472A-9A01-EA4DBF1307F0}"
EndProject
Global
	GlobalSection(SolutionConfigurationPlatforms) = preSolution
		Debug|Any CPU = Debug|Any CPU
		Release|Any CPU = Release|Any CPU
	EndGlobalSection
	GlobalSection(ProjectConfigurationPlatforms) = postSolution
		{38A12185-BB2D-472A-9A01-EA4DBF1307F0}.Debug|Any CPU.ActiveCfg = Debug|Any CPU
		{38A12185-BB2D-472A-9A01-EA4DBF1307F0}.Debug|Any CPU.Build.0 = Debug|Any CPU
		{38A12185-BB2D-472A-9A01-EA4DBF1307F0}.Release|Any CPU.ActiveCfg = Release|Any CPU
		{38A12185-BB2D-472A-9A01-EA4DBF1307F0}.Release|Any CPU.Build.0 = Release|Any CPU
	EndGlobalSection
	GlobalSection(SolutionProperties) = preSolution
		HideSolutionNode = FALSE
	EndGlobalSection
	GlobalSection(ExtensibilityGlobals) = postSolution
		SolutionGuid = {476B2843-6EBE-4323-B819-026FE4960162}
	EndGlobalSection
EndGlobal
